
Microsoft Visual Studio Solution File, Format Version 12.00
# Visual Studio 14
VisualStudioVersion = 14.0.25420.1
MinimumVisualStudioVersion = 10.0.40219.1
Project("{FAE04EC0-301F-11D3-BF4B-00C04F79EFBC}") = "Client", "Client\Client.csproj", "{CBAEDA0E-04C5-4D9F-B309-244EC10C9BF9}"
	ProjectSection(ProjectDependencies) = postProject
		{CE6904F6-E6B2-4C26-B5B6-15E935AA1968} = {CE6904F6-E6B2-4C26-B5B6-15E935AA1968}
	EndProjectSection
EndProject
Project("{FAE04EC0-301F-11D3-BF4B-00C04F79EFBC}") = "Watcher", "Watcher\Watcher.csproj", "{C447CF9C-E2A9-4519-B187-3236BFBBAD67}"
EndProject
Project("{FAE04EC0-301F-11D3-BF4B-00C04F79EFBC}") = "AdminServer", "AdminServer\AdminServer.csproj", "{5F47CADE-42CD-47E3-A682-9A3DA9AE1DEF}"
EndProject
Project("{FAE04EC0-301F-11D3-BF4B-00C04F79EFBC}") = "Tests", "Tests\Tests.csproj", "{D3AB136A-63E4-4DDA-9852-28F38FF13563}"
EndProject
Project("{FAE04EC0-301F-11D3-BF4B-00C04F79EFBC}") = "CryptDll", "CryptDll\CryptDll.csproj", "{CE6904F6-E6B2-4C26-B5B6-15E935AA1968}"
EndProject
Global
	GlobalSection(SolutionConfigurationPlatforms) = preSolution
		Debug|Any CPU = Debug|Any CPU
		Release|Any CPU = Release|Any CPU
	EndGlobalSection
	GlobalSection(ProjectConfigurationPlatforms) = postSolution
		{CBAEDA0E-04C5-4D9F-B309-244EC10C9BF9}.Debug|Any CPU.ActiveCfg = Debug|Any CPU
		{CBAEDA0E-04C5-4D9F-B309-244EC10C9BF9}.Debug|Any CPU.Build.0 = Debug|Any CPU
		{CBAEDA0E-04C5-4D9F-B309-244EC10C9BF9}.Release|Any CPU.ActiveCfg = Release|Any CPU
		{CBAEDA0E-04C5-4D9F-B309-244EC10C9BF9}.Release|Any CPU.Build.0 = Release|Any CPU
		{C447CF9C-E2A9-4519-B187-3236BFBBAD67}.Debug|Any CPU.ActiveCfg = Debug|Any CPU
		{C447CF9C-E2A9-4519-B187-3236BFBBAD67}.Debug|Any CPU.Build.0 = Debug|Any CPU
		{C447CF9C-E2A9-4519-B187-3236BFBBAD67}.Release|Any CPU.ActiveCfg = Release|Any CPU
		{C447CF9C-E2A9-4519-B187-3236BFBBAD67}.Release|Any CPU.Build.0 = Release|Any CPU
		{5F47CADE-42CD-47E3-A682-9A3DA9AE1DEF}.Debug|Any CPU.ActiveCfg = Debug|Any CPU
		{5F47CADE-42CD-47E3-A682-9A3DA9AE1DEF}.Debug|Any CPU.Build.0 = Debug|Any CPU
		{5F47CADE-42CD-47E3-A682-9A3DA9AE1DEF}.Release|Any CPU.ActiveCfg = Release|Any CPU
		{5F47CADE-42CD-47E3-A682-9A3DA9AE1DEF}.Release|Any CPU.Build.0 = Release|Any CPU
		{D3AB136A-63E4-4DDA-9852-28F38FF13563}.Debug|Any CPU.ActiveCfg = Debug|Any CPU
		{D3AB136A-63E4-4DDA-9852-28F38FF13563}.Debug|Any CPU.Build.0 = Debug|Any CPU
		{D3AB136A-63E4-4DDA-9852-28F38FF13563}.Release|Any CPU.ActiveCfg = Release|Any CPU
		{D3AB136A-63E4-4DDA-9852-28F38FF13563}.Release|Any CPU.Build.0 = Release|Any CPU
		{CE6904F6-E6B2-4C26-B5B6-15E935AA1968}.Debug|Any CPU.ActiveCfg = Debug|Any CPU
		{CE6904F6-E6B2-4C26-B5B6-15E935AA1968}.Debug|Any CPU.Build.0 = Debug|Any CPU
		{CE6904F6-E6B2-4C26-B5B6-15E935AA1968}.Release|Any CPU.ActiveCfg = Release|Any CPU
		{CE6904F6-E6B2-4C26-B5B6-15E935AA1968}.Release|Any CPU.Build.0 = Release|Any CPU
	EndGlobalSection
	GlobalSection(SolutionProperties) = preSolution
		HideSolutionNode = FALSE
	EndGlobalSection
EndGlobal
